# This file is generated by running "yarn install" inside your project.
# Manual changes might be lost - proceed with caution!

__metadata:
  version: 6
  cacheKey: 8

"@actions/core@npm:^1.10.0":
  version: 1.10.0
  resolution: "@actions/core@npm:1.10.0"
  dependencies:
    "@actions/http-client": ^2.0.1
    uuid: ^8.3.2
  checksum: 0a75621e007ab20d887434cdd165f0b9036f14c22252a2faed33543d8b9d04ec95d823e69ca636a25245574e4585d73e1e9e47a845339553c664f9f2c9614669
  languageName: node
  linkType: hard

"@actions/http-client@npm:^2.0.1":
  version: 2.1.0
  resolution: "@actions/http-client@npm:2.1.0"
  dependencies:
    tunnel: ^0.0.6
  checksum: 25a72a952cc95fb4b3ab086da73a5754dd0957c206637cace69be2e16f018cc1b3d3c40d3bcf89ffd8a5929d5e8445594b498b50db306a50ad7536023f8e3800
  languageName: node
  linkType: hard

"@kwsites/file-exists@npm:^1.1.1":
  version: 1.1.1
  resolution: "@kwsites/file-exists@npm:1.1.1"
  dependencies:
    debug: ^4.1.1
  checksum: 4ff945de7293285133aeae759caddc71e73c4a44a12fac710fdd4f574cce2671a3f89d8165fdb03d383cfc97f3f96f677d8de3c95133da3d0e12a123a23109fe
  languageName: node
  linkType: hard

"@kwsites/promise-deferred@npm:^1.1.1":
  version: 1.1.1
  resolution: "@kwsites/promise-deferred@npm:1.1.1"
  checksum: 07455477a0123d9a38afb503739eeff2c5424afa8d3dbdcc7f9502f13604488a4b1d9742fc7288832a52a6422cf1e1c0a1d51f69a39052f14d27c9a0420b6629
  languageName: node
  linkType: hard

"arknights-game-data-composite-action@workspace:.":
  version: 0.0.0-use.local
  resolution: "arknights-game-data-composite-action@workspace:."
  dependencies:
    "@actions/core": ^1.10.0
    prettier: 3.0.0
    simple-git: ^3.19.1
  languageName: unknown
  linkType: soft

"debug@npm:^4.1.1, debug@npm:^4.3.4":
  version: 4.3.4
  resolution: "debug@npm:4.3.4"
  dependencies:
    ms: 2.1.2
  peerDependenciesMeta:
    supports-color:
      optional: true
  checksum: 3dbad3f94ea64f34431a9cbf0bafb61853eda57bff2880036153438f50fb5a84f27683ba0d8e5426bf41a8c6ff03879488120cf5b3a761e77953169c0600a708
  languageName: node
  linkType: hard

"ms@npm:2.1.2":
  version: 2.1.2
  resolution: "ms@npm:2.1.2"
  checksum: 673cdb2c3133eb050c745908d8ce632ed2c02d85640e2edb3ace856a2266a813b30c613569bf3354fdf4ea7d1a1494add3bfa95e2713baa27d0c2c71fc44f58f
  languageName: node
  linkType: hard

"prettier@npm:3.0.0":
  version: 3.0.0
  resolution: "prettier@npm:3.0.0"
  bin:
    prettier: bin/prettier.cjs
  checksum: 6a832876a1552dc58330d2467874e5a0b46b9ccbfc5d3531eb69d15684743e7f83dc9fbd202db6270446deba9c82b79d24383d09924c462b457136a759425e33
  languageName: node
  linkType: hard

"simple-git@npm:^3.19.1":
  version: 3.19.1
  resolution: "simple-git@npm:3.19.1"
  dependencies:
    "@kwsites/file-exists": ^1.1.1
    "@kwsites/promise-deferred": ^1.1.1
    debug: ^4.3.4
  checksum: ab7c6901130eadd5758c5f1b0d957573b13cd981549cb5853e757cf13f8cb53b79a50e1acde8eaceba88da814d252f90cf7feab9bd67c64db903250adc51b02f
  languageName: node
  linkType: hard

"tunnel@npm:^0.0.6":
  version: 0.0.6
  resolution: "tunnel@npm:0.0.6"
  checksum: c362948df9ad34b649b5585e54ce2838fa583aa3037091aaed66793c65b423a264e5229f0d7e9a95513a795ac2bd4cb72cda7e89a74313f182c1e9ae0b0994fa
  languageName: node
  linkType: hard

"uuid@npm:^8.3.2":
  version: 8.3.2
  resolution: "uuid@npm:8.3.2"
  bin:
    uuid: dist/bin/uuid
  checksum: 5575a8a75c13120e2f10e6ddc801b2c7ed7d8f3c8ac22c7ed0c7b2ba6383ec0abda88c905085d630e251719e0777045ae3236f04c812184b7c765f63a70e58df
  languageName: node
  linkType: hard
